<?xml version="1.0" encoding="utf-8"?>
<Project ToolsVersion="4.0" xmlns="http://schemas.microsoft.com/developer/msbuild/2003">
  <ItemGroup>
    <Filter Include="Source Files">
      <UniqueIdentifier>{4FC737F1-C7A5-4376-A066-2A32D752A2FF}</UniqueIdentifier>
      <Extensions>cpp;c;cc;cxx;def;odl;idl;hpj;bat;asm;asmx</Extensions>
    </Filter>
    <Filter Include="Header Files">
      <UniqueIdentifier>{93995380-89BD-4b04-88EB-625FBE52EBFB}</UniqueIdentifier>
      <Extensions>h;hh;hpp;hxx;hm;inl;inc;xsd</Extensions>
    </Filter>
    <Filter Include="Resource Files">
      <UniqueIdentifier>{67DA6AB6-F800-4c08-8B7A-83BB121AAD01}</UniqueIdentifier>
      <Extensions>rc;ico;cur;bmp;dlg;rc2;rct;bin;rgs;gif;jpg;jpeg;jpe;resx;tiff;tif;png;wav;mfcribbon-ms</Extensions>
    </Filter>
  </ItemGroup>
  <ItemGroup>
    <None Include="resources\fshader_earth.fp">
      <Filter>Resource Files</Filter>
    </None>
    <None Include="resources\fshader_sun.fp">
      <Filter>Resource Files</Filter>
    </None>
    <None Include="resources\vshader_earth.vp">
      <Filter>Resource Files</Filter>
    </None>
    <None Include="resources\vshader_sun.vp">
      <Filter>Resource Files</Filter>
    </None>
    <None Include="resources\fshader_moon.fp">
      <Filter>Resource Files</Filter>
    </None>
    <None Include="resources\vshader_moon.vp">
      <Filter>Resource Files</Filter>
    </None>
    <None Include="resources\fshader_saturn.fp">
      <Filter>Resource Files</Filter>
    </None>
    <None Include="resources\vshader_saturn.vp">
      <Filter>Resource Files</Filter>
    </None>
    <None Include="resources\fshader_saturn_ring.fp">
      <Filter>Resource Files</Filter>
    </None>
    <None Include="resources\vshader_saturn_ring.vp">
      <Filter>Resource Files</Filter>
    </None>
    <None Include="resources\fshader_meteor.fp">
      <Filter>Resource Files</Filter>
    </None>
    <None Include="resources\vshader_meteor.vp">
      <Filter>Resource Files</Filter>
    </None>
    <None Include="resources\fshader_shadow.fp">
      <Filter>Resource Files</Filter>
    </None>
    <None Include="resources\vshader_shadow.vp">
      <Filter>Resource Files</Filter>
    </None>
    <None Include="resources\gshader_shadow.gp">
      <Filter>Resource Files</Filter>
    </None>
    <None Include="resources\vshader_moon_shadow.vp">
      <Filter>Resource Files</Filter>
    </None>
    <None Include="resources\fshader_sun_bloom.fp">
      <Filter>Resource Files</Filter>
    </None>
    <None Include="resources\vshader_sun_bloom.vp">
      <Filter>Resource Files</Filter>
    </None>
    <None Include="resources\fshader_skybox.fp">
      <Filter>Resource Files</Filter>
    </None>
    <None Include="resources\vshader_skybox.vp">
      <Filter>Resource Files</Filter>
    </None>
  </ItemGroup>
  <ItemGroup>
    <ClCompile Include="src\glad.c">
      <Filter>Source Files</Filter>
    </ClCompile>
    <ClCompile Include="src\main.cpp">
      <Filter>Source Files</Filter>
    </ClCompile>
  </ItemGroup>
  <ItemGroup>
    <ClInclude Include="src\Callbacks.h">
      <Filter>Header Files</Filter>
    </ClInclude>
    <ClInclude Include="src\Camera.h">
      <Filter>Header Files</Filter>
    </ClInclude>
    <ClInclude Include="src\Globals.h">
      <Filter>Header Files</Filter>
    </ClInclude>
    <ClInclude Include="src\Header.h">
      <Filter>Header Files</Filter>
    </ClInclude>
    <ClInclude Include="src\Meteor.h">
      <Filter>Header Files</Filter>
    </ClInclude>
    <ClInclude Include="src\Noise.h">
      <Filter>Header Files</Filter>
    </ClInclude>
    <ClInclude Include="src\Planet.h">
      <Filter>Header Files</Filter>
    </ClInclude>
    <ClInclude Include="src\Shader.h">
      <Filter>Header Files</Filter>
    </ClInclude>
    <ClInclude Include="src\Shadow.h">
      <Filter>Header Files</Filter>
    </ClInclude>
    <ClInclude Include="src\Skybox.h">
      <Filter>Header Files</Filter>
    </ClInclude>
    <ClInclude Include="src\Snapshot.h">
      <Filter>Header Files</Filter>
    </ClInclude>
    <ClInclude Include="src\Solar.h">
      <Filter>Header Files</Filter>
    </ClInclude>
    <ClInclude Include="src\sphere.h">
      <Filter>Header Files</Filter>
    </ClInclude>
    <ClInclude Include="src\Square.h">
      <Filter>Header Files</Filter>
    </ClInclude>
    <ClInclude Include="src\stb_image.h">
      <Filter>Header Files</Filter>
    </ClInclude>
  </ItemGroup>
</Project>